// !$*UTF8*$!
{
	archiveVersion = 1;
	classes = {
	};
	objectVersion = 50;
	objects = {

/* Begin PBXBuildFile section */
		59A441EE2162628B00105693 /* AppDelegate.swift in Sources */ = {isa = PBXBuildFile; fileRef = 59A441ED2162628B00105693 /* AppDelegate.swift */; };
		59A441F02162628B00105693 /* ViewController.swift in Sources */ = {isa = PBXBuildFile; fileRef = 59A441EF2162628B00105693 /* ViewController.swift */; };
		59A441F32162628B00105693 /* Main.storyboard in Resources */ = {isa = PBXBuildFile; fileRef = 59A441F12162628B00105693 /* Main.storyboard */; };
		59A441F52162629900105693 /* Assets.xcassets in Resources */ = {isa = PBXBuildFile; fileRef = 59A441F42162629900105693 /* Assets.xcassets */; };
		59A441F82162629900105693 /* LaunchScreen.storyboard in Resources */ = {isa = PBXBuildFile; fileRef = 59A441F62162629900105693 /* LaunchScreen.storyboard */; };
		59A442032162629900105693 /* testCatigeryTests.swift in Sources */ = {isa = PBXBuildFile; fileRef = 59A442022162629900105693 /* testCatigeryTests.swift */; };
		59A4420E2162629900105693 /* testCatigeryUITests.swift in Sources */ = {isa = PBXBuildFile; fileRef = 59A4420D2162629900105693 /* testCatigeryUITests.swift */; };
		59A4421E216262CC00105693 /* ZYTestViewController.m in Sources */ = {isa = PBXBuildFile; fileRef = 59A4421D216262CC00105693 /* ZYTestViewController.m */; };
		59A4426B216263AE00105693 /* JXCategoryBaseCell.m in Sources */ = {isa = PBXBuildFile; fileRef = 59A44223216263AD00105693 /* JXCategoryBaseCell.m */; };
		59A4426C216263AE00105693 /* JXCategoryBaseCellModel.m in Sources */ = {isa = PBXBuildFile; fileRef = 59A44225216263AD00105693 /* JXCategoryBaseCellModel.m */; };
		59A4426D216263AE00105693 /* JXCategoryBaseView.m in Sources */ = {isa = PBXBuildFile; fileRef = 59A44227216263AD00105693 /* JXCategoryBaseView.m */; };
		59A4426E216263AE00105693 /* JXCategoryCollectionView.m in Sources */ = {isa = PBXBuildFile; fileRef = 59A4422A216263AD00105693 /* JXCategoryCollectionView.m */; };
		59A4426F216263AE00105693 /* JXCategoryFactory.m in Sources */ = {isa = PBXBuildFile; fileRef = 59A4422C216263AD00105693 /* JXCategoryFactory.m */; };
		59A44270216263AE00105693 /* JXCategoryListVCContainerView.m in Sources */ = {isa = PBXBuildFile; fileRef = 59A4422F216263AD00105693 /* JXCategoryListVCContainerView.m */; };
		59A44271216263AE00105693 /* UIColor+JXAdd.m in Sources */ = {isa = PBXBuildFile; fileRef = 59A44232216263AD00105693 /* UIColor+JXAdd.m */; };
		59A44272216263AE00105693 /* JXCategoryDotCell.m in Sources */ = {isa = PBXBuildFile; fileRef = 59A44235216263AD00105693 /* JXCategoryDotCell.m */; };
		59A44273216263AE00105693 /* JXCategoryDotCellModel.m in Sources */ = {isa = PBXBuildFile; fileRef = 59A44237216263AD00105693 /* JXCategoryDotCellModel.m */; };
		59A44274216263AE00105693 /* JXCategoryDotView.m in Sources */ = {isa = PBXBuildFile; fileRef = 59A44239216263AD00105693 /* JXCategoryDotView.m */; };
		59A44275216263AE00105693 /* JXCategoryImageCell.m in Sources */ = {isa = PBXBuildFile; fileRef = 59A4423C216263AD00105693 /* JXCategoryImageCell.m */; };
		59A44276216263AE00105693 /* JXCategoryImageCellModel.m in Sources */ = {isa = PBXBuildFile; fileRef = 59A4423E216263AD00105693 /* JXCategoryImageCellModel.m */; };
		59A44277216263AE00105693 /* JXCategoryImageView.m in Sources */ = {isa = PBXBuildFile; fileRef = 59A44240216263AD00105693 /* JXCategoryImageView.m */; };
		59A44278216263AE00105693 /* JXCategoryIndicatorBackgroundView.m in Sources */ = {isa = PBXBuildFile; fileRef = 59A44244216263AD00105693 /* JXCategoryIndicatorBackgroundView.m */; };
		59A44279216263AE00105693 /* JXCategoryIndicatorBallView.m in Sources */ = {isa = PBXBuildFile; fileRef = 59A44246216263AD00105693 /* JXCategoryIndicatorBallView.m */; };
		59A4427A216263AE00105693 /* JXCategoryIndicatorComponentView.m in Sources */ = {isa = PBXBuildFile; fileRef = 59A44248216263AD00105693 /* JXCategoryIndicatorComponentView.m */; };
		59A4427B216263AE00105693 /* JXCategoryIndicatorImageView.m in Sources */ = {isa = PBXBuildFile; fileRef = 59A4424A216263AD00105693 /* JXCategoryIndicatorImageView.m */; };
		59A4427C216263AE00105693 /* JXCategoryIndicatorLineView.m in Sources */ = {isa = PBXBuildFile; fileRef = 59A4424C216263AD00105693 /* JXCategoryIndicatorLineView.m */; };
		59A4427D216263AE00105693 /* JXCategoryIndicatorTriangleView.m in Sources */ = {isa = PBXBuildFile; fileRef = 59A4424E216263AD00105693 /* JXCategoryIndicatorTriangleView.m */; };
		59A4427E216263AE00105693 /* JXCategoryIndicatorCell.m in Sources */ = {isa = PBXBuildFile; fileRef = 59A44250216263AD00105693 /* JXCategoryIndicatorCell.m */; };
		59A4427F216263AE00105693 /* JXCategoryIndicatorCellModel.m in Sources */ = {isa = PBXBuildFile; fileRef = 59A44252216263AD00105693 /* JXCategoryIndicatorCellModel.m */; };
		59A44280216263AE00105693 /* JXCategoryIndicatorView.m in Sources */ = {isa = PBXBuildFile; fileRef = 59A44254216263AD00105693 /* JXCategoryIndicatorView.m */; };
		59A44281216263AE00105693 /* JXCategoryNumberCell.m in Sources */ = {isa = PBXBuildFile; fileRef = 59A44258216263AD00105693 /* JXCategoryNumberCell.m */; };
		59A44282216263AE00105693 /* JXCategoryNumberCellModel.m in Sources */ = {isa = PBXBuildFile; fileRef = 59A4425A216263AD00105693 /* JXCategoryNumberCellModel.m */; };
		59A44283216263AE00105693 /* JXCategoryNumberView.m in Sources */ = {isa = PBXBuildFile; fileRef = 59A4425C216263AD00105693 /* JXCategoryNumberView.m */; };
		59A44284216263AE00105693 /* JXCategoryTitleCell.m in Sources */ = {isa = PBXBuildFile; fileRef = 59A4425F216263AD00105693 /* JXCategoryTitleCell.m */; };
		59A44285216263AE00105693 /* JXCategoryTitleCellModel.m in Sources */ = {isa = PBXBuildFile; fileRef = 59A44261216263AD00105693 /* JXCategoryTitleCellModel.m */; };
		59A44286216263AE00105693 /* JXCategoryTitleView.m in Sources */ = {isa = PBXBuildFile; fileRef = 59A44263216263AD00105693 /* JXCategoryTitleView.m */; };
		59A44287216263AE00105693 /* JXCategoryTitleImageCell.m in Sources */ = {isa = PBXBuildFile; fileRef = 59A44266216263AD00105693 /* JXCategoryTitleImageCell.m */; };
		59A44288216263AE00105693 /* JXCategoryTitleImageCellModel.m in Sources */ = {isa = PBXBuildFile; fileRef = 59A44268216263AD00105693 /* JXCategoryTitleImageCellModel.m */; };
		59A44289216263AE00105693 /* JXCategoryTitleImageView.m in Sources */ = {isa = PBXBuildFile; fileRef = 59A4426A216263AD00105693 /* JXCategoryTitleImageView.m */; };
/* End PBXBuildFile section */

/* Begin PBXContainerItemProxy section */
		59A441FF2162629900105693 /* PBXContainerItemProxy */ = {
			isa = PBXContainerItemProxy;
			containerPortal = 59A441E22162628A00105693 /* Project object */;
			proxyType = 1;
			remoteGlobalIDString = 59A441E92162628B00105693;
			remoteInfo = testCatigery;
		};
		59A4420A2162629900105693 /* PBXContainerItemProxy */ = {
			isa = PBXContainerItemProxy;
			containerPortal = 59A441E22162628A00105693 /* Project object */;
			proxyType = 1;
			remoteGlobalIDString = 59A441E92162628B00105693;
			remoteInfo = testCatigery;
		};
/* End PBXContainerItemProxy section */

/* Begin PBXFileReference section */
		59A441EA2162628B00105693 /* testCatigery.app */ = {isa = PBXFileReference; explicitFileType = wrapper.application; includeInIndex = 0; path = testCatigery.app; sourceTree = BUILT_PRODUCTS_DIR; };
		59A441ED2162628B00105693 /* AppDelegate.swift */ = {isa = PBXFileReference; lastKnownFileType = sourcecode.swift; path = AppDelegate.swift; sourceTree = "<group>"; };
		59A441EF2162628B00105693 /* ViewController.swift */ = {isa = PBXFileReference; lastKnownFileType = sourcecode.swift; path = ViewController.swift; sourceTree = "<group>"; };
		59A441F22162628B00105693 /* Base */ = {isa = PBXFileReference; lastKnownFileType = file.storyboard; name = Base; path = Base.lproj/Main.storyboard; sourceTree = "<group>"; };
		59A441F42162629900105693 /* Assets.xcassets */ = {isa = PBXFileReference; lastKnownFileType = folder.assetcatalog; path = Assets.xcassets; sourceTree = "<group>"; };
		59A441F72162629900105693 /* Base */ = {isa = PBXFileReference; lastKnownFileType = file.storyboard; name = Base; path = Base.lproj/LaunchScreen.storyboard; sourceTree = "<group>"; };
		59A441F92162629900105693 /* Info.plist */ = {isa = PBXFileReference; lastKnownFileType = text.plist.xml; path = Info.plist; sourceTree = "<group>"; };
		59A441FE2162629900105693 /* testCatigeryTests.xctest */ = {isa = PBXFileReference; explicitFileType = wrapper.cfbundle; includeInIndex = 0; path = testCatigeryTests.xctest; sourceTree = BUILT_PRODUCTS_DIR; };
		59A442022162629900105693 /* testCatigeryTests.swift */ = {isa = PBXFileReference; lastKnownFileType = sourcecode.swift; path = testCatigeryTests.swift; sourceTree = "<group>"; };
		59A442042162629900105693 /* Info.plist */ = {isa = PBXFileReference; lastKnownFileType = text.plist.xml; path = Info.plist; sourceTree = "<group>"; };
		59A442092162629900105693 /* testCatigeryUITests.xctest */ = {isa = PBXFileReference; explicitFileType = wrapper.cfbundle; includeInIndex = 0; path = testCatigeryUITests.xctest; sourceTree = BUILT_PRODUCTS_DIR; };
		59A4420D2162629900105693 /* testCatigeryUITests.swift */ = {isa = PBXFileReference; lastKnownFileType = sourcecode.swift; path = testCatigeryUITests.swift; sourceTree = "<group>"; };
		59A4420F2162629900105693 /* Info.plist */ = {isa = PBXFileReference; lastKnownFileType = text.plist.xml; path = Info.plist; sourceTree = "<group>"; };
		59A4421B216262CC00105693 /* testCatigery-Bridging-Header.h */ = {isa = PBXFileReference; lastKnownFileType = sourcecode.c.h; path = "testCatigery-Bridging-Header.h"; sourceTree = "<group>"; };
		59A4421C216262CC00105693 /* ZYTestViewController.h */ = {isa = PBXFileReference; lastKnownFileType = sourcecode.c.h; path = ZYTestViewController.h; sourceTree = "<group>"; };
		59A4421D216262CC00105693 /* ZYTestViewController.m */ = {isa = PBXFileReference; lastKnownFileType = sourcecode.c.objc; path = ZYTestViewController.m; sourceTree = "<group>"; };
		59A44222216263AD00105693 /* JXCategoryBaseCell.h */ = {isa = PBXFileReference; fileEncoding = 4; lastKnownFileType = sourcecode.c.h; path = JXCategoryBaseCell.h; sourceTree = "<group>"; };
		59A44223216263AD00105693 /* JXCategoryBaseCell.m */ = {isa = PBXFileReference; fileEncoding = 4; lastKnownFileType = sourcecode.c.objc; path = JXCategoryBaseCell.m; sourceTree = "<group>"; };
		59A44224216263AD00105693 /* JXCategoryBaseCellModel.h */ = {isa = PBXFileReference; fileEncoding = 4; lastKnownFileType = sourcecode.c.h; path = JXCategoryBaseCellModel.h; sourceTree = "<group>"; };
		59A44225216263AD00105693 /* JXCategoryBaseCellModel.m */ = {isa = PBXFileReference; fileEncoding = 4; lastKnownFileType = sourcecode.c.objc; path = JXCategoryBaseCellModel.m; sourceTree = "<group>"; };
		59A44226216263AD00105693 /* JXCategoryBaseView.h */ = {isa = PBXFileReference; fileEncoding = 4; lastKnownFileType = sourcecode.c.h; path = JXCategoryBaseView.h; sourceTree = "<group>"; };
		59A44227216263AD00105693 /* JXCategoryBaseView.m */ = {isa = PBXFileReference; fileEncoding = 4; lastKnownFileType = sourcecode.c.objc; path = JXCategoryBaseView.m; sourceTree = "<group>"; };
		59A44229216263AD00105693 /* JXCategoryCollectionView.h */ = {isa = PBXFileReference; fileEncoding = 4; lastKnownFileType = sourcecode.c.h; path = JXCategoryCollectionView.h; sourceTree = "<group>"; };
		59A4422A216263AD00105693 /* JXCategoryCollectionView.m */ = {isa = PBXFileReference; fileEncoding = 4; lastKnownFileType = sourcecode.c.objc; path = JXCategoryCollectionView.m; sourceTree = "<group>"; };
		59A4422B216263AD00105693 /* JXCategoryFactory.h */ = {isa = PBXFileReference; fileEncoding = 4; lastKnownFileType = sourcecode.c.h; path = JXCategoryFactory.h; sourceTree = "<group>"; };
		59A4422C216263AD00105693 /* JXCategoryFactory.m */ = {isa = PBXFileReference; fileEncoding = 4; lastKnownFileType = sourcecode.c.objc; path = JXCategoryFactory.m; sourceTree = "<group>"; };
		59A4422D216263AD00105693 /* JXCategoryIndicatorProtocol.h */ = {isa = PBXFileReference; fileEncoding = 4; lastKnownFileType = sourcecode.c.h; path = JXCategoryIndicatorProtocol.h; sourceTree = "<group>"; };
		59A4422E216263AD00105693 /* JXCategoryListVCContainerView.h */ = {isa = PBXFileReference; fileEncoding = 4; lastKnownFileType = sourcecode.c.h; path = JXCategoryListVCContainerView.h; sourceTree = "<group>"; };
		59A4422F216263AD00105693 /* JXCategoryListVCContainerView.m */ = {isa = PBXFileReference; fileEncoding = 4; lastKnownFileType = sourcecode.c.objc; path = JXCategoryListVCContainerView.m; sourceTree = "<group>"; };
		59A44230216263AD00105693 /* JXCategoryViewDefines.h */ = {isa = PBXFileReference; fileEncoding = 4; lastKnownFileType = sourcecode.c.h; path = JXCategoryViewDefines.h; sourceTree = "<group>"; };
		59A44231216263AD00105693 /* UIColor+JXAdd.h */ = {isa = PBXFileReference; fileEncoding = 4; lastKnownFileType = sourcecode.c.h; path = "UIColor+JXAdd.h"; sourceTree = "<group>"; };
		59A44232216263AD00105693 /* UIColor+JXAdd.m */ = {isa = PBXFileReference; fileEncoding = 4; lastKnownFileType = sourcecode.c.objc; path = "UIColor+JXAdd.m"; sourceTree = "<group>"; };
		59A44234216263AD00105693 /* JXCategoryDotCell.h */ = {isa = PBXFileReference; fileEncoding = 4; lastKnownFileType = sourcecode.c.h; path = JXCategoryDotCell.h; sourceTree = "<group>"; };
		59A44235216263AD00105693 /* JXCategoryDotCell.m */ = {isa = PBXFileReference; fileEncoding = 4; lastKnownFileType = sourcecode.c.objc; path = JXCategoryDotCell.m; sourceTree = "<group>"; };
		59A44236216263AD00105693 /* JXCategoryDotCellModel.h */ = {isa = PBXFileReference; fileEncoding = 4; lastKnownFileType = sourcecode.c.h; path = JXCategoryDotCellModel.h; sourceTree = "<group>"; };
		59A44237216263AD00105693 /* JXCategoryDotCellModel.m */ = {isa = PBXFileReference; fileEncoding = 4; lastKnownFileType = sourcecode.c.objc; path = JXCategoryDotCellModel.m; sourceTree = "<group>"; };
		59A44238216263AD00105693 /* JXCategoryDotView.h */ = {isa = PBXFileReference; fileEncoding = 4; lastKnownFileType = sourcecode.c.h; path = JXCategoryDotView.h; sourceTree = "<group>"; };
		59A44239216263AD00105693 /* JXCategoryDotView.m */ = {isa = PBXFileReference; fileEncoding = 4; lastKnownFileType = sourcecode.c.objc; path = JXCategoryDotView.m; sourceTree = "<group>"; };
		59A4423B216263AD00105693 /* JXCategoryImageCell.h */ = {isa = PBXFileReference; fileEncoding = 4; lastKnownFileType = sourcecode.c.h; path = JXCategoryImageCell.h; sourceTree = "<group>"; };
		59A4423C216263AD00105693 /* JXCategoryImageCell.m */ = {isa = PBXFileReference; fileEncoding = 4; lastKnownFileType = sourcecode.c.objc; path = JXCategoryImageCell.m; sourceTree = "<group>"; };
		59A4423D216263AD00105693 /* JXCategoryImageCellModel.h */ = {isa = PBXFileReference; fileEncoding = 4; lastKnownFileType = sourcecode.c.h; path = JXCategoryImageCellModel.h; sourceTree = "<group>"; };
		59A4423E216263AD00105693 /* JXCategoryImageCellModel.m */ = {isa = PBXFileReference; fileEncoding = 4; lastKnownFileType = sourcecode.c.objc; path = JXCategoryImageCellModel.m; sourceTree = "<group>"; };
		59A4423F216263AD00105693 /* JXCategoryImageView.h */ = {isa = PBXFileReference; fileEncoding = 4; lastKnownFileType = sourcecode.c.h; path = JXCategoryImageView.h; sourceTree = "<group>"; };
		59A44240216263AD00105693 /* JXCategoryImageView.m */ = {isa = PBXFileReference; fileEncoding = 4; lastKnownFileType = sourcecode.c.objc; path = JXCategoryImageView.m; sourceTree = "<group>"; };
		59A44243216263AD00105693 /* JXCategoryIndicatorBackgroundView.h */ = {isa = PBXFileReference; fileEncoding = 4; lastKnownFileType = sourcecode.c.h; path = JXCategoryIndicatorBackgroundView.h; sourceTree = "<group>"; };
		59A44244216263AD00105693 /* JXCategoryIndicatorBackgroundView.m */ = {isa = PBXFileReference; fileEncoding = 4; lastKnownFileType = sourcecode.c.objc; path = JXCategoryIndicatorBackgroundView.m; sourceTree = "<group>"; };
		59A44245216263AD00105693 /* JXCategoryIndicatorBallView.h */ = {isa = PBXFileReference; fileEncoding = 4; lastKnownFileType = sourcecode.c.h; path = JXCategoryIndicatorBallView.h; sourceTree = "<group>"; };
		59A44246216263AD00105693 /* JXCategoryIndicatorBallView.m */ = {isa = PBXFileReference; fileEncoding = 4; lastKnownFileType = sourcecode.c.objc; path = JXCategoryIndicatorBallView.m; sourceTree = "<group>"; };
		59A44247216263AD00105693 /* JXCategoryIndicatorComponentView.h */ = {isa = PBXFileReference; fileEncoding = 4; lastKnownFileType = sourcecode.c.h; path = JXCategoryIndicatorComponentView.h; sourceTree = "<group>"; };
		59A44248216263AD00105693 /* JXCategoryIndicatorComponentView.m */ = {isa = PBXFileReference; fileEncoding = 4; lastKnownFileType = sourcecode.c.objc; path = JXCategoryIndicatorComponentView.m; sourceTree = "<group>"; };
		59A44249216263AD00105693 /* JXCategoryIndicatorImageView.h */ = {isa = PBXFileReference; fileEncoding = 4; lastKnownFileType = sourcecode.c.h; path = JXCategoryIndicatorImageView.h; sourceTree = "<group>"; };
		59A4424A216263AD00105693 /* JXCategoryIndicatorImageView.m */ = {isa = PBXFileReference; fileEncoding = 4; lastKnownFileType = sourcecode.c.objc; path = JXCategoryIndicatorImageView.m; sourceTree = "<group>"; };
		59A4424B216263AD00105693 /* JXCategoryIndicatorLineView.h */ = {isa = PBXFileReference; fileEncoding = 4; lastKnownFileType = sourcecode.c.h; path = JXCategoryIndicatorLineView.h; sourceTree = "<group>"; };
		59A4424C216263AD00105693 /* JXCategoryIndicatorLineView.m */ = {isa = PBXFileReference; fileEncoding = 4; lastKnownFileType = sourcecode.c.objc; path = JXCategoryIndicatorLineView.m; sourceTree = "<group>"; };
		59A4424D216263AD00105693 /* JXCategoryIndicatorTriangleView.h */ = {isa = PBXFileReference; fileEncoding = 4; lastKnownFileType = sourcecode.c.h; path = JXCategoryIndicatorTriangleView.h; sourceTree = "<group>"; };
		59A4424E216263AD00105693 /* JXCategoryIndicatorTriangleView.m */ = {isa = PBXFileReference; fileEncoding = 4; lastKnownFileType = sourcecode.c.objc; path = JXCategoryIndicatorTriangleView.m; sourceTree = "<group>"; };
		59A4424F216263AD00105693 /* JXCategoryIndicatorCell.h */ = {isa = PBXFileReference; fileEncoding = 4; lastKnownFileType = sourcecode.c.h; path = JXCategoryIndicatorCell.h; sourceTree = "<group>"; };
		59A44250216263AD00105693 /* JXCategoryIndicatorCell.m */ = {isa = PBXFileReference; fileEncoding = 4; lastKnownFileType = sourcecode.c.objc; path = JXCategoryIndicatorCell.m; sourceTree = "<group>"; };
		59A44251216263AD00105693 /* JXCategoryIndicatorCellModel.h */ = {isa = PBXFileReference; fileEncoding = 4; lastKnownFileType = sourcecode.c.h; path = JXCategoryIndicatorCellModel.h; sourceTree = "<group>"; };
		59A44252216263AD00105693 /* JXCategoryIndicatorCellModel.m */ = {isa = PBXFileReference; fileEncoding = 4; lastKnownFileType = sourcecode.c.objc; path = JXCategoryIndicatorCellModel.m; sourceTree = "<group>"; };
		59A44253216263AD00105693 /* JXCategoryIndicatorView.h */ = {isa = PBXFileReference; fileEncoding = 4; lastKnownFileType = sourcecode.c.h; path = JXCategoryIndicatorView.h; sourceTree = "<group>"; };
		59A44254216263AD00105693 /* JXCategoryIndicatorView.m */ = {isa = PBXFileReference; fileEncoding = 4; lastKnownFileType = sourcecode.c.objc; path = JXCategoryIndicatorView.m; sourceTree = "<group>"; };
		59A44255216263AD00105693 /* JXCategoryView.h */ = {isa = PBXFileReference; fileEncoding = 4; lastKnownFileType = sourcecode.c.h; path = JXCategoryView.h; sourceTree = "<group>"; };
		59A44257216263AD00105693 /* JXCategoryNumberCell.h */ = {isa = PBXFileReference; fileEncoding = 4; lastKnownFileType = sourcecode.c.h; path = JXCategoryNumberCell.h; sourceTree = "<group>"; };
		59A44258216263AD00105693 /* JXCategoryNumberCell.m */ = {isa = PBXFileReference; fileEncoding = 4; lastKnownFileType = sourcecode.c.objc; path = JXCategoryNumberCell.m; sourceTree = "<group>"; };
		59A44259216263AD00105693 /* JXCategoryNumberCellModel.h */ = {isa = PBXFileReference; fileEncoding = 4; lastKnownFileType = sourcecode.c.h; path = JXCategoryNumberCellModel.h; sourceTree = "<group>"; };
		59A4425A216263AD00105693 /* JXCategoryNumberCellModel.m */ = {isa = PBXFileReference; fileEncoding = 4; lastKnownFileType = sourcecode.c.objc; path = JXCategoryNumberCellModel.m; sourceTree = "<group>"; };
		59A4425B216263AD00105693 /* JXCategoryNumberView.h */ = {isa = PBXFileReference; fileEncoding = 4; lastKnownFileType = sourcecode.c.h; path = JXCategoryNumberView.h; sourceTree = "<group>"; };
		59A4425C216263AD00105693 /* JXCategoryNumberView.m */ = {isa = PBXFileReference; fileEncoding = 4; lastKnownFileType = sourcecode.c.objc; path = JXCategoryNumberView.m; sourceTree = "<group>"; };
		59A4425E216263AD00105693 /* JXCategoryTitleCell.h */ = {isa = PBXFileReference; fileEncoding = 4; lastKnownFileType = sourcecode.c.h; path = JXCategoryTitleCell.h; sourceTree = "<group>"; };
		59A4425F216263AD00105693 /* JXCategoryTitleCell.m */ = {isa = PBXFileReference; fileEncoding = 4; lastKnownFileType = sourcecode.c.objc; path = JXCategoryTitleCell.m; sourceTree = "<group>"; };
		59A44260216263AD00105693 /* JXCategoryTitleCellModel.h */ = {isa = PBXFileReference; fileEncoding = 4; lastKnownFileType = sourcecode.c.h; path = JXCategoryTitleCellModel.h; sourceTree = "<group>"; };
		59A44261216263AD00105693 /* JXCategoryTitleCellModel.m */ = {isa = PBXFileReference; fileEncoding = 4; lastKnownFileType = sourcecode.c.objc; path = JXCategoryTitleCellModel.m; sourceTree = "<group>"; };
		59A44262216263AD00105693 /* JXCategoryTitleView.h */ = {isa = PBXFileReference; fileEncoding = 4; lastKnownFileType = sourcecode.c.h; path = JXCategoryTitleView.h; sourceTree = "<group>"; };
		59A44263216263AD00105693 /* JXCategoryTitleView.m */ = {isa = PBXFileReference; fileEncoding = 4; lastKnownFileType = sourcecode.c.objc; path = JXCategoryTitleView.m; sourceTree = "<group>"; };
		59A44265216263AD00105693 /* JXCategoryTitleImageCell.h */ = {isa = PBXFileReference; fileEncoding = 4; lastKnownFileType = sourcecode.c.h; path = JXCategoryTitleImageCell.h; sourceTree = "<group>"; };
		59A44266216263AD00105693 /* JXCategoryTitleImageCell.m */ = {isa = PBXFileReference; fileEncoding = 4; lastKnownFileType = sourcecode.c.objc; path = JXCategoryTitleImageCell.m; sourceTree = "<group>"; };
		59A44267216263AD00105693 /* JXCategoryTitleImageCellModel.h */ = {isa = PBXFileReference; fileEncoding = 4; lastKnownFileType = sourcecode.c.h; path = JXCategoryTitleImageCellModel.h; sourceTree = "<group>"; };
		59A44268216263AD00105693 /* JXCategoryTitleImageCellModel.m */ = {isa = PBXFileReference; fileEncoding = 4; lastKnownFileType = sourcecode.c.objc; path = JXCategoryTitleImageCellModel.m; sourceTree = "<group>"; };
		59A44269216263AD00105693 /* JXCategoryTitleImageView.h */ = {isa = PBXFileReference; fileEncoding = 4; lastKnownFileType = sourcecode.c.h; path = JXCategoryTitleImageView.h; sourceTree = "<group>"; };
		59A4426A216263AD00105693 /* JXCategoryTitleImageView.m */ = {isa = PBXFileReference; fileEncoding = 4; lastKnownFileType = sourcecode.c.objc; path = JXCategoryTitleImageView.m; sourceTree = "<group>"; };
/* End PBXFileReference section */

/* Begin PBXFrameworksBuildPhase section */
		59A441E72162628B00105693 /* Frameworks */ = {
			isa = PBXFrameworksBuildPhase;
			buildActionMask = 2147483647;
			files = (
			);
			runOnlyForDeploymentPostprocessing = 0;
		};
		59A441FB2162629900105693 /* Frameworks */ = {
			isa = PBXFrameworksBuildPhase;
			buildActionMask = 2147483647;
			files = (
			);
			runOnlyForDeploymentPostprocessing = 0;
		};
		59A442062162629900105693 /* Frameworks */ = {
			isa = PBXFrameworksBuildPhase;
			buildActionMask = 2147483647;
			files = (
			);
			runOnlyForDeploymentPostprocessing = 0;
		};
/* End PBXFrameworksBuildPhase section */

/* Begin PBXGroup section */
		59A441E12162628A00105693 = {
			isa = PBXGroup;
			children = (
				59A441EC2162628B00105693 /* testCatigery */,
				59A442012162629900105693 /* testCatigeryTests */,
				59A4420C2162629900105693 /* testCatigeryUITests */,
				59A441EB2162628B00105693 /* Products */,
			);
			sourceTree = "<group>";
		};
		59A441EB2162628B00105693 /* Products */ = {
			isa = PBXGroup;
			children = (
				59A441EA2162628B00105693 /* testCatigery.app */,
				59A441FE2162629900105693 /* testCatigeryTests.xctest */,
				59A442092162629900105693 /* testCatigeryUITests.xctest */,
			);
			name = Products;
			sourceTree = "<group>";
		};
		59A441EC2162628B00105693 /* testCatigery */ = {
			isa = PBXGroup;
			children = (
				59A4421F216263AD00105693 /* JXCategoryView */,
				59A441ED2162628B00105693 /* AppDelegate.swift */,
				59A441EF2162628B00105693 /* ViewController.swift */,
				59A4421C216262CC00105693 /* ZYTestViewController.h */,
				59A4421D216262CC00105693 /* ZYTestViewController.m */,
				59A441F12162628B00105693 /* Main.storyboard */,
				59A441F42162629900105693 /* Assets.xcassets */,
				59A441F62162629900105693 /* LaunchScreen.storyboard */,
				59A441F92162629900105693 /* Info.plist */,
				59A4421B216262CC00105693 /* testCatigery-Bridging-Header.h */,
			);
			path = testCatigery;
			sourceTree = "<group>";
		};
		59A442012162629900105693 /* testCatigeryTests */ = {
			isa = PBXGroup;
			children = (
				59A442022162629900105693 /* testCatigeryTests.swift */,
				59A442042162629900105693 /* Info.plist */,
			);
			path = testCatigeryTests;
			sourceTree = "<group>";
		};
		59A4420C2162629900105693 /* testCatigeryUITests */ = {
			isa = PBXGroup;
			children = (
				59A4420D2162629900105693 /* testCatigeryUITests.swift */,
				59A4420F2162629900105693 /* Info.plist */,
			);
			path = testCatigeryUITests;
			sourceTree = "<group>";
		};
		59A4421F216263AD00105693 /* JXCategoryView */ = {
			isa = PBXGroup;
			children = (
				59A44220216263AD00105693 /* Sources */,
			);
			path = JXCategoryView;
			sourceTree = "<group>";
		};
		59A44220216263AD00105693 /* Sources */ = {
			isa = PBXGroup;
			children = (
				59A44221216263AD00105693 /* Base */,
				59A44228216263AD00105693 /* Common */,
				59A44233216263AD00105693 /* Dot */,
				59A4423A216263AD00105693 /* Image */,
				59A44241216263AD00105693 /* Indicator */,
				59A44255216263AD00105693 /* JXCategoryView.h */,
				59A44256216263AD00105693 /* Number */,
				59A4425D216263AD00105693 /* Title */,
				59A44264216263AD00105693 /* TitleImage */,
			);
			path = Sources;
			sourceTree = "<group>";
		};
		59A44221216263AD00105693 /* Base */ = {
			isa = PBXGroup;
			children = (
				59A44222216263AD00105693 /* JXCategoryBaseCell.h */,
				59A44223216263AD00105693 /* JXCategoryBaseCell.m */,
				59A44224216263AD00105693 /* JXCategoryBaseCellModel.h */,
				59A44225216263AD00105693 /* JXCategoryBaseCellModel.m */,
				59A44226216263AD00105693 /* JXCategoryBaseView.h */,
				59A44227216263AD00105693 /* JXCategoryBaseView.m */,
			);
			path = Base;
			sourceTree = "<group>";
		};
		59A44228216263AD00105693 /* Common */ = {
			isa = PBXGroup;
			children = (
				59A44229216263AD00105693 /* JXCategoryCollectionView.h */,
				59A4422A216263AD00105693 /* JXCategoryCollectionView.m */,
				59A4422B216263AD00105693 /* JXCategoryFactory.h */,
				59A4422C216263AD00105693 /* JXCategoryFactory.m */,
				59A4422D216263AD00105693 /* JXCategoryIndicatorProtocol.h */,
				59A4422E216263AD00105693 /* JXCategoryListVCContainerView.h */,
				59A4422F216263AD00105693 /* JXCategoryListVCContainerView.m */,
				59A44230216263AD00105693 /* JXCategoryViewDefines.h */,
				59A44231216263AD00105693 /* UIColor+JXAdd.h */,
				59A44232216263AD00105693 /* UIColor+JXAdd.m */,
			);
			path = Common;
			sourceTree = "<group>";
		};
		59A44233216263AD00105693 /* Dot */ = {
			isa = PBXGroup;
			children = (
				59A44234216263AD00105693 /* JXCategoryDotCell.h */,
				59A44235216263AD00105693 /* JXCategoryDotCell.m */,
				59A44236216263AD00105693 /* JXCategoryDotCellModel.h */,
				59A44237216263AD00105693 /* JXCategoryDotCellModel.m */,
				59A44238216263AD00105693 /* JXCategoryDotView.h */,
				59A44239216263AD00105693 /* JXCategoryDotView.m */,
			);
			path = Dot;
			sourceTree = "<group>";
		};
		59A4423A216263AD00105693 /* Image */ = {
			isa = PBXGroup;
			children = (
				59A4423B216263AD00105693 /* JXCategoryImageCell.h */,
				59A4423C216263AD00105693 /* JXCategoryImageCell.m */,
				59A4423D216263AD00105693 /* JXCategoryImageCellModel.h */,
				59A4423E216263AD00105693 /* JXCategoryImageCellModel.m */,
				59A4423F216263AD00105693 /* JXCategoryImageView.h */,
				59A44240216263AD00105693 /* JXCategoryImageView.m */,
			);
			path = Image;
			sourceTree = "<group>";
		};
		59A44241216263AD00105693 /* Indicator */ = {
			isa = PBXGroup;
			children = (
				59A44242216263AD00105693 /* IndicatorViews */,
				59A4424F216263AD00105693 /* JXCategoryIndicatorCell.h */,
				59A44250216263AD00105693 /* JXCategoryIndicatorCell.m */,
				59A44251216263AD00105693 /* JXCategoryIndicatorCellModel.h */,
				59A44252216263AD00105693 /* JXCategoryIndicatorCellModel.m */,
				59A44253216263AD00105693 /* JXCategoryIndicatorView.h */,
				59A44254216263AD00105693 /* JXCategoryIndicatorView.m */,
			);
			path = Indicator;
			sourceTree = "<group>";
		};
		59A44242216263AD00105693 /* IndicatorViews */ = {
			isa = PBXGroup;
			children = (
				59A44243216263AD00105693 /* JXCategoryIndicatorBackgroundView.h */,
				59A44244216263AD00105693 /* JXCategoryIndicatorBackgroundView.m */,
				59A44245216263AD00105693 /* JXCategoryIndicatorBallView.h */,
				59A44246216263AD00105693 /* JXCategoryIndicatorBallView.m */,
				59A44247216263AD00105693 /* JXCategoryIndicatorComponentView.h */,
				59A44248216263AD00105693 /* JXCategoryIndicatorComponentView.m */,
				59A44249216263AD00105693 /* JXCategoryIndicatorImageView.h */,
				59A4424A216263AD00105693 /* JXCategoryIndicatorImageView.m */,
				59A4424B216263AD00105693 /* JXCategoryIndicatorLineView.h */,
				59A4424C216263AD00105693 /* JXCategoryIndicatorLineView.m */,
				59A4424D216263AD00105693 /* JXCategoryIndicatorTriangleView.h */,
				59A4424E216263AD00105693 /* JXCategoryIndicatorTriangleView.m */,
			);
			path = IndicatorViews;
			sourceTree = "<group>";
		};
		59A44256216263AD00105693 /* Number */ = {
			isa = PBXGroup;
			children = (
				59A44257216263AD00105693 /* JXCategoryNumberCell.h */,
				59A44258216263AD00105693 /* JXCategoryNumberCell.m */,
				59A44259216263AD00105693 /* JXCategoryNumberCellModel.h */,
				59A4425A216263AD00105693 /* JXCategoryNumberCellModel.m */,
				59A4425B216263AD00105693 /* JXCategoryNumberView.h */,
				59A4425C216263AD00105693 /* JXCategoryNumberView.m */,
			);
			path = Number;
			sourceTree = "<group>";
		};
		59A4425D216263AD00105693 /* Title */ = {
			isa = PBXGroup;
			children = (
				59A4425E216263AD00105693 /* JXCategoryTitleCell.h */,
				59A4425F216263AD00105693 /* JXCategoryTitleCell.m */,
				59A44260216263AD00105693 /* JXCategoryTitleCellModel.h */,
				59A44261216263AD00105693 /* JXCategoryTitleCellModel.m */,
				59A44262216263AD00105693 /* JXCategoryTitleView.h */,
				59A44263216263AD00105693 /* JXCategoryTitleView.m */,
			);
			path = Title;
			sourceTree = "<group>";
		};
		59A44264216263AD00105693 /* TitleImage */ = {
			isa = PBXGroup;
			children = (
				59A44265216263AD00105693 /* JXCategoryTitleImageCell.h */,
				59A44266216263AD00105693 /* JXCategoryTitleImageCell.m */,
				59A44267216263AD00105693 /* JXCategoryTitleImageCellModel.h */,
				59A44268216263AD00105693 /* JXCategoryTitleImageCellModel.m */,
				59A44269216263AD00105693 /* JXCategoryTitleImageView.h */,
				59A4426A216263AD00105693 /* JXCategoryTitleImageView.m */,
			);
			path = TitleImage;
			sourceTree = "<group>";
		};
/* End PBXGroup section */

/* Begin PBXNativeTarget section */
		59A441E92162628B00105693 /* testCatigery */ = {
			isa = PBXNativeTarget;
			buildConfigurationList = 59A442122162629900105693 /* Build configuration list for PBXNativeTarget "testCatigery" */;
			buildPhases = (
				59A441E62162628B00105693 /* Sources */,
				59A441E72162628B00105693 /* Frameworks */,
				59A441E82162628B00105693 /* Resources */,
			);
			buildRules = (
			);
			dependencies = (
			);
			name = testCatigery;
			productName = testCatigery;
			productReference = 59A441EA2162628B00105693 /* testCatigery.app */;
			productType = "com.apple.product-type.application";
		};
		59A441FD2162629900105693 /* testCatigeryTests */ = {
			isa = PBXNativeTarget;
			buildConfigurationList = 59A442152162629900105693 /* Build configuration list for PBXNativeTarget "testCatigeryTests" */;
			buildPhases = (
				59A441FA2162629900105693 /* Sources */,
				59A441FB2162629900105693 /* Frameworks */,
				59A441FC2162629900105693 /* Resources */,
			);
			buildRules = (
			);
			dependencies = (
				59A442002162629900105693 /* PBXTargetDependency */,
			);
			name = testCatigeryTests;
			productName = testCatigeryTests;
			productReference = 59A441FE2162629900105693 /* testCatigeryTests.xctest */;
			productType = "com.apple.product-type.bundle.unit-test";
		};
		59A442082162629900105693 /* testCatigeryUITests */ = {
			isa = PBXNativeTarget;
			buildConfigurationList = 59A442182162629900105693 /* Build configuration list for PBXNativeTarget "testCatigeryUITests" */;
			buildPhases = (
				59A442052162629900105693 /* Sources */,
				59A442062162629900105693 /* Frameworks */,
				59A442072162629900105693 /* Resources */,
			);
			buildRules = (
			);
			dependencies = (
				59A4420B2162629900105693 /* PBXTargetDependency */,
			);
			name = testCatigeryUITests;
			productName = testCatigeryUITests;
			productReference = 59A442092162629900105693 /* testCatigeryUITests.xctest */;
			productType = "com.apple.product-type.bundle.ui-testing";
		};
/* End PBXNativeTarget section */

/* Begin PBXProject section */
		59A441E22162628A00105693 /* Project object */ = {
			isa = PBXProject;
			attributes = {
				LastSwiftUpdateCheck = 1000;
				LastUpgradeCheck = 1000;
				ORGANIZATIONNAME = handwill;
				TargetAttributes = {
					59A441E92162628B00105693 = {
						CreatedOnToolsVersion = 10.0;
						LastSwiftMigration = 1000;
					};
					59A441FD2162629900105693 = {
						CreatedOnToolsVersion = 10.0;
						TestTargetID = 59A441E92162628B00105693;
					};
					59A442082162629900105693 = {
						CreatedOnToolsVersion = 10.0;
						TestTargetID = 59A441E92162628B00105693;
					};
				};
			};
			buildConfigurationList = 59A441E52162628A00105693 /* Build configuration list for PBXProject "testCatigery" */;
			compatibilityVersion = "Xcode 9.3";
			developmentRegion = en;
			hasScannedForEncodings = 0;
			knownRegions = (
				en,
				Base,
			);
			mainGroup = 59A441E12162628A00105693;
			productRefGroup = 59A441EB2162628B00105693 /* Products */;
			projectDirPath = "";
			projectRoot = "";
			targets = (
				59A441E92162628B00105693 /* testCatigery */,
				59A441FD2162629900105693 /* testCatigeryTests */,
				59A442082162629900105693 /* testCatigeryUITests */,
			);
		};
/* End PBXProject section */

/* Begin PBXResourcesBuildPhase section */
		59A441E82162628B00105693 /* Resources */ = {
			isa = PBXResourcesBuildPhase;
			buildActionMask = 2147483647;
			files = (
				59A441F82162629900105693 /* LaunchScreen.storyboard in Resources */,
				59A441F52162629900105693 /* Assets.xcassets in Resources */,
				59A441F32162628B00105693 /* Main.storyboard in Resources */,
			);
			runOnlyForDeploymentPostprocessing = 0;
		};
		59A441FC2162629900105693 /* Resources */ = {
			isa = PBXResourcesBuildPhase;
			buildActionMask = 2147483647;
			files = (
			);
			runOnlyForDeploymentPostprocessing = 0;
		};
		59A442072162629900105693 /* Resources */ = {
			isa = PBXResourcesBuildPhase;
			buildActionMask = 2147483647;
			files = (
			);
			runOnlyForDeploymentPostprocessing = 0;
		};
/* End PBXResourcesBuildPhase section */

/* Begin PBXSourcesBuildPhase section */
		59A441E62162628B00105693 /* Sources */ = {
			isa = PBXSourcesBuildPhase;
			buildActionMask = 2147483647;
			files = (
				59A44270216263AE00105693 /* JXCategoryListVCContainerView.m in Sources */,
				59A441F02162628B00105693 /* ViewController.swift in Sources */,
				59A44280216263AE00105693 /* JXCategoryIndicatorView.m in Sources */,
				59A4427D216263AE00105693 /* JXCategoryIndicatorTriangleView.m in Sources */,
				59A441EE2162628B00105693 /* AppDelegate.swift in Sources */,
				59A44284216263AE00105693 /* JXCategoryTitleCell.m in Sources */,
				59A44275216263AE00105693 /* JXCategoryImageCell.m in Sources */,
				59A4427C216263AE00105693 /* JXCategoryIndicatorLineView.m in Sources */,
				59A44273216263AE00105693 /* JXCategoryDotCellModel.m in Sources */,
				59A4427F216263AE00105693 /* JXCategoryIndicatorCellModel.m in Sources */,
				59A44276216263AE00105693 /* JXCategoryImageCellModel.m in Sources */,
				59A4426B216263AE00105693 /* JXCategoryBaseCell.m in Sources */,
				59A44285216263AE00105693 /* JXCategoryTitleCellModel.m in Sources */,
				59A44288216263AE00105693 /* JXCategoryTitleImageCellModel.m in Sources */,
				59A44274216263AE00105693 /* JXCategoryDotView.m in Sources */,
				59A4426D216263AE00105693 /* JXCategoryBaseView.m in Sources */,
				59A44272216263AE00105693 /* JXCategoryDotCell.m in Sources */,
				59A44271216263AE00105693 /* UIColor+JXAdd.m in Sources */,
				59A4426E216263AE00105693 /* JXCategoryCollectionView.m in Sources */,
				59A44278216263AE00105693 /* JXCategoryIndicatorBackgroundView.m in Sources */,
				59A4426C216263AE00105693 /* JXCategoryBaseCellModel.m in Sources */,
				59A4426F216263AE00105693 /* JXCategoryFactory.m in Sources */,
				59A44277216263AE00105693 /* JXCategoryImageView.m in Sources */,
				59A44281216263AE00105693 /* JXCategoryNumberCell.m in Sources */,
				59A4427B216263AE00105693 /* JXCategoryIndicatorImageView.m in Sources */,
				59A44289216263AE00105693 /* JXCategoryTitleImageView.m in Sources */,
				59A4427A216263AE00105693 /* JXCategoryIndicatorComponentView.m in Sources */,
				59A44282216263AE00105693 /* JXCategoryNumberCellModel.m in Sources */,
				59A44287216263AE00105693 /* JXCategoryTitleImageCell.m in Sources */,
				59A4421E216262CC00105693 /* ZYTestViewController.m in Sources */,
				59A44286216263AE00105693 /* JXCategoryTitleView.m in Sources */,
				59A44283216263AE00105693 /* JXCategoryNumberView.m in Sources */,
				59A44279216263AE00105693 /* JXCategoryIndicatorBallView.m in Sources */,
				59A4427E216263AE00105693 /* JXCategoryIndicatorCell.m in Sources */,
			);
			runOnlyForDeploymentPostprocessing = 0;
		};
		59A441FA2162629900105693 /* Sources */ = {
			isa = PBXSourcesBuildPhase;
			buildActionMask = 2147483647;
			files = (
				59A442032162629900105693 /* testCatigeryTests.swift in Sources */,
			);
			runOnlyForDeploymentPostprocessing = 0;
		};
		59A442052162629900105693 /* Sources */ = {
			isa = PBXSourcesBuildPhase;
			buildActionMask = 2147483647;
			files = (
				59A4420E2162629900105693 /* testCatigeryUITests.swift in Sources */,
			);
			runOnlyForDeploymentPostprocessing = 0;
		};
/* End PBXSourcesBuildPhase section */

/* Begin PBXTargetDependency section */
		59A442002162629900105693 /* PBXTargetDependency */ = {
			isa = PBXTargetDependency;
			target = 59A441E92162628B00105693 /* testCatigery */;
			targetProxy = 59A441FF2162629900105693 /* PBXContainerItemProxy */;
		};
		59A4420B2162629900105693 /* PBXTargetDependency */ = {
			isa = PBXTargetDependency;
			target = 59A441E92162628B00105693 /* testCatigery */;
			targetProxy = 59A4420A2162629900105693 /* PBXContainerItemProxy */;
		};
/* End PBXTargetDependency section */

/* Begin PBXVariantGroup section */
		59A441F12162628B00105693 /* Main.storyboard */ = {
			isa = PBXVariantGroup;
			children = (
				59A441F22162628B00105693 /* Base */,
			);
			name = Main.storyboard;
			sourceTree = "<group>";
		};
		59A441F62162629900105693 /* LaunchScreen.storyboard */ = {
			isa = PBXVariantGroup;
			children = (
				59A441F72162629900105693 /* Base */,
			);
			name = LaunchScreen.storyboard;
			sourceTree = "<group>";
		};
/* End PBXVariantGroup section */

/* Begin XCBuildConfiguration section */
		59A442102162629900105693 /* Debug */ = {
			isa = XCBuildConfiguration;
			buildSettings = {
				ALWAYS_SEARCH_USER_PATHS = NO;
				CLANG_ANALYZER_NONNULL = YES;
				CLANG_ANALYZER_NUMBER_OBJECT_CONVERSION = YES_AGGRESSIVE;
				CLANG_CXX_LANGUAGE_STANDARD = "gnu++14";
				CLANG_CXX_LIBRARY = "libc++";
				CLANG_ENABLE_MODULES = YES;
				CLANG_ENABLE_OBJC_ARC = YES;
				CLANG_ENABLE_OBJC_WEAK = YES;
				CLANG_WARN_BLOCK_CAPTURE_AUTORELEASING = YES;
				CLANG_WARN_BOOL_CONVERSION = YES;
				CLANG_WARN_COMMA = YES;
				CLANG_WARN_CONSTANT_CONVERSION = YES;
				CLANG_WARN_DEPRECATED_OBJC_IMPLEMENTATIONS = YES;
				CLANG_WARN_DIRECT_OBJC_ISA_USAGE = YES_ERROR;
				CLANG_WARN_DOCUMENTATION_COMMENTS = YES;
				CLANG_WARN_EMPTY_BODY = YES;
				CLANG_WARN_ENUM_CONVERSION = YES;
				CLANG_WARN_INFINITE_RECURSION = YES;
				CLANG_WARN_INT_CONVERSION = YES;
				CLANG_WARN_NON_LITERAL_NULL_CONVERSION = YES;
				CLANG_WARN_OBJC_IMPLICIT_RETAIN_SELF = YES;
				CLANG_WARN_OBJC_LITERAL_CONVERSION = YES;
				CLANG_WARN_OBJC_ROOT_CLASS = YES_ERROR;
				CLANG_WARN_RANGE_LOOP_ANALYSIS = YES;
				CLANG_WARN_STRICT_PROTOTYPES = YES;
				CLANG_WARN_SUSPICIOUS_MOVE = YES;
				CLANG_WARN_UNGUARDED_AVAILABILITY = YES_AGGRESSIVE;
				CLANG_WARN_UNREACHABLE_CODE = YES;
				CLANG_WARN__DUPLICATE_METHOD_MATCH = YES;
				CODE_SIGN_IDENTITY = "iPhone Developer";
				COPY_PHASE_STRIP = NO;
				DEBUG_INFORMATION_FORMAT = dwarf;
				ENABLE_STRICT_OBJC_MSGSEND = YES;
				ENABLE_TESTABILITY = YES;
				GCC_C_LANGUAGE_STANDARD = gnu11;
				GCC_DYNAMIC_NO_PIC = NO;
				GCC_NO_COMMON_BLOCKS = YES;
				GCC_OPTIMIZATION_LEVEL = 0;
				GCC_PREPROCESSOR_DEFINITIONS = (
					"DEBUG=1",
					"$(inherited)",
				);
				GCC_WARN_64_TO_32_BIT_CONVERSION = YES;
				GCC_WARN_ABOUT_RETURN_TYPE = YES_ERROR;
				GCC_WARN_UNDECLARED_SELECTOR = YES;
				GCC_WARN_UNINITIALIZED_AUTOS = YES_AGGRESSIVE;
				GCC_WARN_UNUSED_FUNCTION = YES;
				GCC_WARN_UNUSED_VARIABLE = YES;
				IPHONEOS_DEPLOYMENT_TARGET = 12.0;
				MTL_ENABLE_DEBUG_INFO = INCLUDE_SOURCE;
				MTL_FAST_MATH = YES;
				ONLY_ACTIVE_ARCH = YES;
				SDKROOT = iphoneos;
				SWIFT_ACTIVE_COMPILATION_CONDITIONS = DEBUG;
				SWIFT_OPTIMIZATION_LEVEL = "-Onone";
			};
			name = Debug;
		};
		59A442112162629900105693 /* Release */ = {
			isa = XCBuildConfiguration;
			buildSettings = {
				ALWAYS_SEARCH_USER_PATHS = NO;
				CLANG_ANALYZER_NONNULL = YES;
				CLANG_ANALYZER_NUMBER_OBJECT_CONVERSION = YES_AGGRESSIVE;
				CLANG_CXX_LANGUAGE_STANDARD = "gnu++14";
				CLANG_CXX_LIBRARY = "libc++";
				CLANG_ENABLE_MODULES = YES;
				CLANG_ENABLE_OBJC_ARC = YES;
				CLANG_ENABLE_OBJC_WEAK = YES;
				CLANG_WARN_BLOCK_CAPTURE_AUTORELEASING = YES;
				CLANG_WARN_BOOL_CONVERSION = YES;
				CLANG_WARN_COMMA = YES;
				CLANG_WARN_CONSTANT_CONVERSION = YES;
				CLANG_WARN_DEPRECATED_OBJC_IMPLEMENTATIONS = YES;
				CLANG_WARN_DIRECT_OBJC_ISA_USAGE = YES_ERROR;
				CLANG_WARN_DOCUMENTATION_COMMENTS = YES;
				CLANG_WARN_EMPTY_BODY = YES;
				CLANG_WARN_ENUM_CONVERSION = YES;
				CLANG_WARN_INFINITE_RECURSION = YES;
				CLANG_WARN_INT_CONVERSION = YES;
				CLANG_WARN_NON_LITERAL_NULL_CONVERSION = YES;
				CLANG_WARN_OBJC_IMPLICIT_RETAIN_SELF = YES;
				CLANG_WARN_OBJC_LITERAL_CONVERSION = YES;
				CLANG_WARN_OBJC_ROOT_CLASS = YES_ERROR;
				CLANG_WARN_RANGE_LOOP_ANALYSIS = YES;
				CLANG_WARN_STRICT_PROTOTYPES = YES;
				CLANG_WARN_SUSPICIOUS_MOVE = YES;
				CLANG_WARN_UNGUARDED_AVAILABILITY = YES_AGGRESSIVE;
				CLANG_WARN_UNREACHABLE_CODE = YES;
				CLANG_WARN__DUPLICATE_METHOD_MATCH = YES;
				CODE_SIGN_IDENTITY = "iPhone Developer";
				COPY_PHASE_STRIP = NO;
				DEBUG_INFORMATION_FORMAT = "dwarf-with-dsym";
				ENABLE_NS_ASSERTIONS = NO;
				ENABLE_STRICT_OBJC_MSGSEND = YES;
				GCC_C_LANGUAGE_STANDARD = gnu11;
				GCC_NO_COMMON_BLOCKS = YES;
				GCC_WARN_64_TO_32_BIT_CONVERSION = YES;
				GCC_WARN_ABOUT_RETURN_TYPE = YES_ERROR;
				GCC_WARN_UNDECLARED_SELECTOR = YES;
				GCC_WARN_UNINITIALIZED_AUTOS = YES_AGGRESSIVE;
				GCC_WARN_UNUSED_FUNCTION = YES;
				GCC_WARN_UNUSED_VARIABLE = YES;
				IPHONEOS_DEPLOYMENT_TARGET = 12.0;
				MTL_ENABLE_DEBUG_INFO = NO;
				MTL_FAST_MATH = YES;
				SDKROOT = iphoneos;
				SWIFT_COMPILATION_MODE = wholemodule;
				SWIFT_OPTIMIZATION_LEVEL = "-O";
				VALIDATE_PRODUCT = YES;
			};
			name = Release;
		};
		59A442132162629900105693 /* Debug */ = {
			isa = XCBuildConfiguration;
			buildSettings = {
				ASSETCATALOG_COMPILER_APPICON_NAME = AppIcon;
				CLANG_ENABLE_MODULES = YES;
				CODE_SIGN_STYLE = Automatic;
				DEVELOPMENT_TEAM = PBSF2W8M72;
				INFOPLIST_FILE = testCatigery/Info.plist;
				LD_RUNPATH_SEARCH_PATHS = (
					"$(inherited)",
					"@executable_path/Frameworks",
				);
				PRODUCT_BUNDLE_IDENTIFIER = HW.testCatigery;
				PRODUCT_NAME = "$(TARGET_NAME)";
				SWIFT_OBJC_BRIDGING_HEADER = "testCatigery/testCatigery-Bridging-Header.h";
				SWIFT_OPTIMIZATION_LEVEL = "-Onone";
				SWIFT_VERSION = 4.2;
				TARGETED_DEVICE_FAMILY = "1,2";
			};
			name = Debug;
		};
		59A442142162629900105693 /* Release */ = {
			isa = XCBuildConfiguration;
			buildSettings = {
				ASSETCATALOG_COMPILER_APPICON_NAME = AppIcon;
				CLANG_ENABLE_MODULES = YES;
				CODE_SIGN_STYLE = Automatic;
				DEVELOPMENT_TEAM = PBSF2W8M72;
				INFOPLIST_FILE = testCatigery/Info.plist;
				LD_RUNPATH_SEARCH_PATHS = (
					"$(inherited)",
					"@executable_path/Frameworks",
				);
				PRODUCT_BUNDLE_IDENTIFIER = HW.testCatigery;
				PRODUCT_NAME = "$(TARGET_NAME)";
				SWIFT_OBJC_BRIDGING_HEADER = "testCatigery/testCatigery-Bridging-Header.h";
				SWIFT_VERSION = 4.2;
				TARGETED_DEVICE_FAMILY = "1,2";
			};
			name = Release;
		};
		59A442162162629900105693 /* Debug */ = {
			isa = XCBuildConfiguration;
			buildSettings = {
				ALWAYS_EMBED_SWIFT_STANDARD_LIBRARIES = YES;
				BUNDLE_LOADER = "$(TEST_HOST)";
				CODE_SIGN_STYLE = Automatic;
				DEVELOPMENT_TEAM = PBSF2W8M72;
				INFOPLIST_FILE = testCatigeryTests/Info.plist;
				LD_RUNPATH_SEARCH_PATHS = (
					"$(inherited)",
					"@executable_path/Frameworks",
					"@loader_path/Frameworks",
				);
				PRODUCT_BUNDLE_IDENTIFIER = HW.testCatigeryTests;
				PRODUCT_NAME = "$(TARGET_NAME)";
				SWIFT_VERSION = 4.2;
				TARGETED_DEVICE_FAMILY = "1,2";
				TEST_HOST = "$(BUILT_PRODUCTS_DIR)/testCatigery.app/testCatigery";
			};
			name = Debug;
		};
		59A442172162629900105693 /* Release */ = {
			isa = XCBuildConfiguration;
			buildSettings = {
				ALWAYS_EMBED_SWIFT_STANDARD_LIBRARIES = YES;
				BUNDLE_LOADER = "$(TEST_HOST)";
				CODE_SIGN_STYLE = Automatic;
				DEVELOPMENT_TEAM = PBSF2W8M72;
				INFOPLIST_FILE = testCatigeryTests/Info.plist;
				LD_RUNPATH_SEARCH_PATHS = (
					"$(inherited)",
					"@executable_path/Frameworks",
					"@loader_path/Frameworks",
				);
				PRODUCT_BUNDLE_IDENTIFIER = HW.testCatigeryTests;
				PRODUCT_NAME = "$(TARGET_NAME)";
				SWIFT_VERSION = 4.2;
				TARGETED_DEVICE_FAMILY = "1,2";
				TEST_HOST = "$(BUILT_PRODUCTS_DIR)/testCatigery.app/testCatigery";
			};
			name = Release;
		};
		59A442192162629900105693 /* Debug */ = {
			isa = XCBuildConfiguration;
			buildSettings = {
				ALWAYS_EMBED_SWIFT_STANDARD_LIBRARIES = YES;
				CODE_SIGN_STYLE = Automatic;
				DEVELOPMENT_TEAM = PBSF2W8M72;
				INFOPLIST_FILE = testCatigeryUITests/Info.plist;
				LD_RUNPATH_SEARCH_PATHS = (
					"$(inherited)",
					"@executable_path/Frameworks",
					"@loader_path/Frameworks",
				);
				PRODUCT_BUNDLE_IDENTIFIER = HW.testCatigeryUITests;
				PRODUCT_NAME = "$(TARGET_NAME)";
				SWIFT_VERSION = 4.2;
				TARGETED_DEVICE_FAMILY = "1,2";
				TEST_TARGET_NAME = testCatigery;
			};
			name = Debug;
		};
		59A4421A2162629900105693 /* Release */ = {
			isa = XCBuildConfiguration;
			buildSettings = {
				ALWAYS_EMBED_SWIFT_STANDARD_LIBRARIES = YES;
				CODE_SIGN_STYLE = Automatic;
				DEVELOPMENT_TEAM = PBSF2W8M72;
				INFOPLIST_FILE = testCatigeryUITests/Info.plist;
				LD_RUNPATH_SEARCH_PATHS = (
					"$(inherited)",
					"@executable_path/Frameworks",
					"@loader_path/Frameworks",
				);
				PRODUCT_BUNDLE_IDENTIFIER = HW.testCatigeryUITests;
				PRODUCT_NAME = "$(TARGET_NAME)";
				SWIFT_VERSION = 4.2;
				TARGETED_DEVICE_FAMILY = "1,2";
				TEST_TARGET_NAME = testCatigery;
			};
			name = Release;
		};
/* End XCBuildConfiguration section */

/* Begin XCConfigurationList section */
		59A441E52162628A00105693 /* Build configuration list for PBXProject "testCatigery" */ = {
			isa = XCConfigurationList;
			buildConfigurations = (
				59A442102162629900105693 /* Debug */,
				59A442112162629900105693 /* Release */,
			);
			defaultConfigurationIsVisible = 0;
			defaultConfigurationName = Release;
		};
		59A442122162629900105693 /* Build configuration list for PBXNativeTarget "testCatigery" */ = {
			isa = XCConfigurationList;
			buildConfigurations = (
				59A442132162629900105693 /* Debug */,
				59A442142162629900105693 /* Release */,
			);
			defaultConfigurationIsVisible = 0;
			defaultConfigurationName = Release;
		};
		59A442152162629900105693 /* Build configuration list for PBXNativeTarget "testCatigeryTests" */ = {
			isa = XCConfigurationList;
			buildConfigurations = (
				59A442162162629900105693 /* Debug */,
				59A442172162629900105693 /* Release */,
			);
			defaultConfigurationIsVisible = 0;
			defaultConfigurationName = Release;
		};
		59A442182162629900105693 /* Build configuration list for PBXNativeTarget "testCatigeryUITests" */ = {
			isa = XCConfigurationList;
			buildConfigurations = (
				59A442192162629900105693 /* Debug */,
				59A4421A2162629900105693 /* Release */,
			);
			defaultConfigurationIsVisible = 0;
			defaultConfigurationName = Release;
		};
/* End XCConfigurationList section */
	};
	rootObject = 59A441E22162628A00105693 /* Project object */;
}
