// !$*UTF8*$!
{
	archiveVersion = 1;
	classes = {
	};
	objectVersion = 50;
	objects = {

/* Begin PBXBuildFile section */
		59A441EE2162628B00105693 /* AppDelegate.swift in Sources */ = {isa = PBXBuildFile; fileRef = 59A441ED2162628B00105693 /* AppDelegate.swift */; };
		59A441F02162628B00105693 /* ViewController.swift in Sources */ = {isa = PBXBuildFile; fileRef = 59A441EF2162628B00105693 /* ViewController.swift */; };
		59A441F32162628B00105693 /* Main.storyboard in Resources */ = {isa = PBXBuildFile; fileRef = 59A441F12162628B00105693 /* Main.storyboard */; };
		59A441F52162629900105693 /* Assets.xcassets in Resources */ = {isa = PBXBuildFile; fileRef = 59A441F42162629900105693 /* Assets.xcassets */; };
		59A441F82162629900105693 /* LaunchScreen.storyboard in Resources */ = {isa = PBXBuildFile; fileRef = 59A441F62162629900105693 /* LaunchScreen.storyboard */; };
		59A442032162629900105693 /* testCatigeryTests.swift in Sources */ = {isa = PBXBuildFile; fileRef = 59A442022162629900105693 /* testCatigeryTests.swift */; };
		59A4420E2162629900105693 /* testCatigeryUITests.swift in Sources */ = {isa = PBXBuildFile; fileRef = 59A4420D2162629900105693 /* testCatigeryUITests.swift */; };
/* End PBXBuildFile section */

/* Begin PBXContainerItemProxy section */
		59A441FF2162629900105693 /* PBXContainerItemProxy */ = {
			isa = PBXContainerItemProxy;
			containerPortal = 59A441E22162628A00105693 /* Project object */;
			proxyType = 1;
			remoteGlobalIDString = 59A441E92162628B00105693;
			remoteInfo = testCatigery;
		};
		59A4420A2162629900105693 /* PBXContainerItemProxy */ = {
			isa = PBXContainerItemProxy;
			containerPortal = 59A441E22162628A00105693 /* Project object */;
			proxyType = 1;
			remoteGlobalIDString = 59A441E92162628B00105693;
			remoteInfo = testCatigery;
		};
/* End PBXContainerItemProxy section */

/* Begin PBXFileReference section */
		59A441EA2162628B00105693 /* testCatigery.app */ = {isa = PBXFileReference; explicitFileType = wrapper.application; includeInIndex = 0; path = testCatigery.app; sourceTree = BUILT_PRODUCTS_DIR; };
		59A441ED2162628B00105693 /* AppDelegate.swift */ = {isa = PBXFileReference; lastKnownFileType = sourcecode.swift; path = AppDelegate.swift; sourceTree = "<group>"; };
		59A441EF2162628B00105693 /* ViewController.swift */ = {isa = PBXFileReference; lastKnownFileType = sourcecode.swift; path = ViewController.swift; sourceTree = "<group>"; };
		59A441F22162628B00105693 /* Base */ = {isa = PBXFileReference; lastKnownFileType = file.storyboard; name = Base; path = Base.lproj/Main.storyboard; sourceTree = "<group>"; };
		59A441F42162629900105693 /* Assets.xcassets */ = {isa = PBXFileReference; lastKnownFileType = folder.assetcatalog; path = Assets.xcassets; sourceTree = "<group>"; };
		59A441F72162629900105693 /* Base */ = {isa = PBXFileReference; lastKnownFileType = file.storyboard; name = Base; path = Base.lproj/LaunchScreen.storyboard; sourceTree = "<group>"; };
		59A441F92162629900105693 /* Info.plist */ = {isa = PBXFileReference; lastKnownFileType = text.plist.xml; path = Info.plist; sourceTree = "<group>"; };
		59A441FE2162629900105693 /* testCatigeryTests.xctest */ = {isa = PBXFileReference; explicitFileType = wrapper.cfbundle; includeInIndex = 0; path = testCatigeryTests.xctest; sourceTree = BUILT_PRODUCTS_DIR; };
		59A442022162629900105693 /* testCatigeryTests.swift */ = {isa = PBXFileReference; lastKnownFileType = sourcecode.swift; path = testCatigeryTests.swift; sourceTree = "<group>"; };
		59A442042162629900105693 /* Info.plist */ = {isa = PBXFileReference; lastKnownFileType = text.plist.xml; path = Info.plist; sourceTree = "<group>"; };
		59A442092162629900105693 /* testCatigeryUITests.xctest */ = {isa = PBXFileReference; explicitFileType = wrapper.cfbundle; includeInIndex = 0; path = testCatigeryUITests.xctest; sourceTree = BUILT_PRODUCTS_DIR; };
		59A4420D2162629900105693 /* testCatigeryUITests.swift */ = {isa = PBXFileReference; lastKnownFileType = sourcecode.swift; path = testCatigeryUITests.swift; sourceTree = "<group>"; };
		59A4420F2162629900105693 /* Info.plist */ = {isa = PBXFileReference; lastKnownFileType = text.plist.xml; path = Info.plist; sourceTree = "<group>"; };
/* End PBXFileReference section */

/* Begin PBXFrameworksBuildPhase section */
		59A441E72162628B00105693 /* Frameworks */ = {
			isa = PBXFrameworksBuildPhase;
			buildActionMask = 2147483647;
			files = (
			);
			runOnlyForDeploymentPostprocessing = 0;
		};
		59A441FB2162629900105693 /* Frameworks */ = {
			isa = PBXFrameworksBuildPhase;
			buildActionMask = 2147483647;
			files = (
			);
			runOnlyForDeploymentPostprocessing = 0;
		};
		59A442062162629900105693 /* Frameworks */ = {
			isa = PBXFrameworksBuildPhase;
			buildActionMask = 2147483647;
			files = (
			);
			runOnlyForDeploymentPostprocessing = 0;
		};
/* End PBXFrameworksBuildPhase section */

/* Begin PBXGroup section */
		59A441E12162628A00105693 = {
			isa = PBXGroup;
			children = (
				59A441EC2162628B00105693 /* testCatigery */,
				59A442012162629900105693 /* testCatigeryTests */,
				59A4420C2162629900105693 /* testCatigeryUITests */,
				59A441EB2162628B00105693 /* Products */,
			);
			sourceTree = "<group>";
		};
		59A441EB2162628B00105693 /* Products */ = {
			isa = PBXGroup;
			children = (
				59A441EA2162628B00105693 /* testCatigery.app */,
				59A441FE2162629900105693 /* testCatigeryTests.xctest */,
				59A442092162629900105693 /* testCatigeryUITests.xctest */,
			);
			name = Products;
			sourceTree = "<group>";
		};
		59A441EC2162628B00105693 /* testCatigery */ = {
			isa = PBXGroup;
			children = (
				59A441ED2162628B00105693 /* AppDelegate.swift */,
				59A441EF2162628B00105693 /* ViewController.swift */,
				59A441F12162628B00105693 /* Main.storyboard */,
				59A441F42162629900105693 /* Assets.xcassets */,
				59A441F62162629900105693 /* LaunchScreen.storyboard */,
				59A441F92162629900105693 /* Info.plist */,
			);
			path = testCatigery;
			sourceTree = "<group>";
		};
		59A442012162629900105693 /* testCatigeryTests */ = {
			isa = PBXGroup;
			children = (
				59A442022162629900105693 /* testCatigeryTests.swift */,
				59A442042162629900105693 /* Info.plist */,
			);
			path = testCatigeryTests;
			sourceTree = "<group>";
		};
		59A4420C2162629900105693 /* testCatigeryUITests */ = {
			isa = PBXGroup;
			children = (
				59A4420D2162629900105693 /* testCatigeryUITests.swift */,
				59A4420F2162629900105693 /* Info.plist */,
			);
			path = testCatigeryUITests;
			sourceTree = "<group>";
		};
/* End PBXGroup section */

/* Begin PBXNativeTarget section */
		59A441E92162628B00105693 /* testCatigery */ = {
			isa = PBXNativeTarget;
			buildConfigurationList = 59A442122162629900105693 /* Build configuration list for PBXNativeTarget "testCatigery" */;
			buildPhases = (
				59A441E62162628B00105693 /* Sources */,
				59A441E72162628B00105693 /* Frameworks */,
				59A441E82162628B00105693 /* Resources */,
			);
			buildRules = (
			);
			dependencies = (
			);
			name = testCatigery;
			productName = testCatigery;
			productReference = 59A441EA2162628B00105693 /* testCatigery.app */;
			productType = "com.apple.product-type.application";
		};
		59A441FD2162629900105693 /* testCatigeryTests */ = {
			isa = PBXNativeTarget;
			buildConfigurationList = 59A442152162629900105693 /* Build configuration list for PBXNativeTarget "testCatigeryTests" */;
			buildPhases = (
				59A441FA2162629900105693 /* Sources */,
				59A441FB2162629900105693 /* Frameworks */,
				59A441FC2162629900105693 /* Resources */,
			);
			buildRules = (
			);
			dependencies = (
				59A442002162629900105693 /* PBXTargetDependency */,
			);
			name = testCatigeryTests;
			productName = testCatigeryTests;
			productReference = 59A441FE2162629900105693 /* testCatigeryTests.xctest */;
			productType = "com.apple.product-type.bundle.unit-test";
		};
		59A442082162629900105693 /* testCatigeryUITests */ = {
			isa = PBXNativeTarget;
			buildConfigurationList = 59A442182162629900105693 /* Build configuration list for PBXNativeTarget "testCatigeryUITests" */;
			buildPhases = (
				59A442052162629900105693 /* Sources */,
				59A442062162629900105693 /* Frameworks */,
				59A442072162629900105693 /* Resources */,
			);
			buildRules = (
			);
			dependencies = (
				59A4420B2162629900105693 /* PBXTargetDependency */,
			);
			name = testCatigeryUITests;
			productName = testCatigeryUITests;
			productReference = 59A442092162629900105693 /* testCatigeryUITests.xctest */;
			productType = "com.apple.product-type.bundle.ui-testing";
		};
/* End PBXNativeTarget section */

/* Begin PBXProject section */
		59A441E22162628A00105693 /* Project object */ = {
			isa = PBXProject;
			attributes = {
				LastSwiftUpdateCheck = 1000;
				LastUpgradeCheck = 1000;
				ORGANIZATIONNAME = handwill;
				TargetAttributes = {
					59A441E92162628B00105693 = {
						CreatedOnToolsVersion = 10.0;
					};
					59A441FD2162629900105693 = {
						CreatedOnToolsVersion = 10.0;
						TestTargetID = 59A441E92162628B00105693;
					};
					59A442082162629900105693 = {
						CreatedOnToolsVersion = 10.0;
						TestTargetID = 59A441E92162628B00105693;
					};
				};
			};
			buildConfigurationList = 59A441E52162628A00105693 /* Build configuration list for PBXProject "testCatigery" */;
			compatibilityVersion = "Xcode 9.3";
			developmentRegion = en;
			hasScannedForEncodings = 0;
			knownRegions = (
				en,
				Base,
			);
			mainGroup = 59A441E12162628A00105693;
			productRefGroup = 59A441EB2162628B00105693 /* Products */;
			projectDirPath = "";
			projectRoot = "";
			targets = (
				59A441E92162628B00105693 /* testCatigery */,
				59A441FD2162629900105693 /* testCatigeryTests */,
				59A442082162629900105693 /* testCatigeryUITests */,
			);
		};
/* End PBXProject section */

/* Begin PBXResourcesBuildPhase section */
		59A441E82162628B00105693 /* Resources */ = {
			isa = PBXResourcesBuildPhase;
			buildActionMask = 2147483647;
			files = (
				59A441F82162629900105693 /* LaunchScreen.storyboard in Resources */,
				59A441F52162629900105693 /* Assets.xcassets in Resources */,
				59A441F32162628B00105693 /* Main.storyboard in Resources */,
			);
			runOnlyForDeploymentPostprocessing = 0;
		};
		59A441FC2162629900105693 /* Resources */ = {
			isa = PBXResourcesBuildPhase;
			buildActionMask = 2147483647;
			files = (
			);
			runOnlyForDeploymentPostprocessing = 0;
		};
		59A442072162629900105693 /* Resources */ = {
			isa = PBXResourcesBuildPhase;
			buildActionMask = 2147483647;
			files = (
			);
			runOnlyForDeploymentPostprocessing = 0;
		};
/* End PBXResourcesBuildPhase section */

/* Begin PBXSourcesBuildPhase section */
		59A441E62162628B00105693 /* Sources */ = {
			isa = PBXSourcesBuildPhase;
			buildActionMask = 2147483647;
			files = (
				59A441F02162628B00105693 /* ViewController.swift in Sources */,
				59A441EE2162628B00105693 /* AppDelegate.swift in Sources */,
			);
			runOnlyForDeploymentPostprocessing = 0;
		};
		59A441FA2162629900105693 /* Sources */ = {
			isa = PBXSourcesBuildPhase;
			buildActionMask = 2147483647;
			files = (
				59A442032162629900105693 /* testCatigeryTests.swift in Sources */,
			);
			runOnlyForDeploymentPostprocessing = 0;
		};
		59A442052162629900105693 /* Sources */ = {
			isa = PBXSourcesBuildPhase;
			buildActionMask = 2147483647;
			files = (
				59A4420E2162629900105693 /* testCatigeryUITests.swift in Sources */,
			);
			runOnlyForDeploymentPostprocessing = 0;
		};
/* End PBXSourcesBuildPhase section */

/* Begin PBXTargetDependency section */
		59A442002162629900105693 /* PBXTargetDependency */ = {
			isa = PBXTargetDependency;
			target = 59A441E92162628B00105693 /* testCatigery */;
			targetProxy = 59A441FF2162629900105693 /* PBXContainerItemProxy */;
		};
		59A4420B2162629900105693 /* PBXTargetDependency */ = {
			isa = PBXTargetDependency;
			target = 59A441E92162628B00105693 /* testCatigery */;
			targetProxy = 59A4420A2162629900105693 /* PBXContainerItemProxy */;
		};
/* End PBXTargetDependency section */

/* Begin PBXVariantGroup section */
		59A441F12162628B00105693 /* Main.storyboard */ = {
			isa = PBXVariantGroup;
			children = (
				59A441F22162628B00105693 /* Base */,
			);
			name = Main.storyboard;
			sourceTree = "<group>";
		};
		59A441F62162629900105693 /* LaunchScreen.storyboard */ = {
			isa = PBXVariantGroup;
			children = (
				59A441F72162629900105693 /* Base */,
			);
			name = LaunchScreen.storyboard;
			sourceTree = "<group>";
		};
/* End PBXVariantGroup section */

/* Begin XCBuildConfiguration section */
		59A442102162629900105693 /* Debug */ = {
			isa = XCBuildConfiguration;
			buildSettings = {
				ALWAYS_SEARCH_USER_PATHS = NO;
				CLANG_ANALYZER_NONNULL = YES;
				CLANG_ANALYZER_NUMBER_OBJECT_CONVERSION = YES_AGGRESSIVE;
				CLANG_CXX_LANGUAGE_STANDARD = "gnu++14";
				CLANG_CXX_LIBRARY = "libc++";
				CLANG_ENABLE_MODULES = YES;
				CLANG_ENABLE_OBJC_ARC = YES;
				CLANG_ENABLE_OBJC_WEAK = YES;
				CLANG_WARN_BLOCK_CAPTURE_AUTORELEASING = YES;
				CLANG_WARN_BOOL_CONVERSION = YES;
				CLANG_WARN_COMMA = YES;
				CLANG_WARN_CONSTANT_CONVERSION = YES;
				CLANG_WARN_DEPRECATED_OBJC_IMPLEMENTATIONS = YES;
				CLANG_WARN_DIRECT_OBJC_ISA_USAGE = YES_ERROR;
				CLANG_WARN_DOCUMENTATION_COMMENTS = YES;
				CLANG_WARN_EMPTY_BODY = YES;
				CLANG_WARN_ENUM_CONVERSION = YES;
				CLANG_WARN_INFINITE_RECURSION = YES;
				CLANG_WARN_INT_CONVERSION = YES;
				CLANG_WARN_NON_LITERAL_NULL_CONVERSION = YES;
				CLANG_WARN_OBJC_IMPLICIT_RETAIN_SELF = YES;
				CLANG_WARN_OBJC_LITERAL_CONVERSION = YES;
				CLANG_WARN_OBJC_ROOT_CLASS = YES_ERROR;
				CLANG_WARN_RANGE_LOOP_ANALYSIS = YES;
				CLANG_WARN_STRICT_PROTOTYPES = YES;
				CLANG_WARN_SUSPICIOUS_MOVE = YES;
				CLANG_WARN_UNGUARDED_AVAILABILITY = YES_AGGRESSIVE;
				CLANG_WARN_UNREACHABLE_CODE = YES;
				CLANG_WARN__DUPLICATE_METHOD_MATCH = YES;
				CODE_SIGN_IDENTITY = "iPhone Developer";
				COPY_PHASE_STRIP = NO;
				DEBUG_INFORMATION_FORMAT = dwarf;
				ENABLE_STRICT_OBJC_MSGSEND = YES;
				ENABLE_TESTABILITY = YES;
				GCC_C_LANGUAGE_STANDARD = gnu11;
				GCC_DYNAMIC_NO_PIC = NO;
				GCC_NO_COMMON_BLOCKS = YES;
				GCC_OPTIMIZATION_LEVEL = 0;
				GCC_PREPROCESSOR_DEFINITIONS = (
					"DEBUG=1",
					"$(inherited)",
				);
				GCC_WARN_64_TO_32_BIT_CONVERSION = YES;
				GCC_WARN_ABOUT_RETURN_TYPE = YES_ERROR;
				GCC_WARN_UNDECLARED_SELECTOR = YES;
				GCC_WARN_UNINITIALIZED_AUTOS = YES_AGGRESSIVE;
				GCC_WARN_UNUSED_FUNCTION = YES;
				GCC_WARN_UNUSED_VARIABLE = YES;
				IPHONEOS_DEPLOYMENT_TARGET = 12.0;
				MTL_ENABLE_DEBUG_INFO = INCLUDE_SOURCE;
				MTL_FAST_MATH = YES;
				ONLY_ACTIVE_ARCH = YES;
				SDKROOT = iphoneos;
				SWIFT_ACTIVE_COMPILATION_CONDITIONS = DEBUG;
				SWIFT_OPTIMIZATION_LEVEL = "-Onone";
			};
			name = Debug;
		};
		59A442112162629900105693 /* Release */ = {
			isa = XCBuildConfiguration;
			buildSettings = {
				ALWAYS_SEARCH_USER_PATHS = NO;
				CLANG_ANALYZER_NONNULL = YES;
				CLANG_ANALYZER_NUMBER_OBJECT_CONVERSION = YES_AGGRESSIVE;
				CLANG_CXX_LANGUAGE_STANDARD = "gnu++14";
				CLANG_CXX_LIBRARY = "libc++";
				CLANG_ENABLE_MODULES = YES;
				CLANG_ENABLE_OBJC_ARC = YES;
				CLANG_ENABLE_OBJC_WEAK = YES;
				CLANG_WARN_BLOCK_CAPTURE_AUTORELEASING = YES;
				CLANG_WARN_BOOL_CONVERSION = YES;
				CLANG_WARN_COMMA = YES;
				CLANG_WARN_CONSTANT_CONVERSION = YES;
				CLANG_WARN_DEPRECATED_OBJC_IMPLEMENTATIONS = YES;
				CLANG_WARN_DIRECT_OBJC_ISA_USAGE = YES_ERROR;
				CLANG_WARN_DOCUMENTATION_COMMENTS = YES;
				CLANG_WARN_EMPTY_BODY = YES;
				CLANG_WARN_ENUM_CONVERSION = YES;
				CLANG_WARN_INFINITE_RECURSION = YES;
				CLANG_WARN_INT_CONVERSION = YES;
				CLANG_WARN_NON_LITERAL_NULL_CONVERSION = YES;
				CLANG_WARN_OBJC_IMPLICIT_RETAIN_SELF = YES;
				CLANG_WARN_OBJC_LITERAL_CONVERSION = YES;
				CLANG_WARN_OBJC_ROOT_CLASS = YES_ERROR;
				CLANG_WARN_RANGE_LOOP_ANALYSIS = YES;
				CLANG_WARN_STRICT_PROTOTYPES = YES;
				CLANG_WARN_SUSPICIOUS_MOVE = YES;
				CLANG_WARN_UNGUARDED_AVAILABILITY = YES_AGGRESSIVE;
				CLANG_WARN_UNREACHABLE_CODE = YES;
				CLANG_WARN__DUPLICATE_METHOD_MATCH = YES;
				CODE_SIGN_IDENTITY = "iPhone Developer";
				COPY_PHASE_STRIP = NO;
				DEBUG_INFORMATION_FORMAT = "dwarf-with-dsym";
				ENABLE_NS_ASSERTIONS = NO;
				ENABLE_STRICT_OBJC_MSGSEND = YES;
				GCC_C_LANGUAGE_STANDARD = gnu11;
				GCC_NO_COMMON_BLOCKS = YES;
				GCC_WARN_64_TO_32_BIT_CONVERSION = YES;
				GCC_WARN_ABOUT_RETURN_TYPE = YES_ERROR;
				GCC_WARN_UNDECLARED_SELECTOR = YES;
				GCC_WARN_UNINITIALIZED_AUTOS = YES_AGGRESSIVE;
				GCC_WARN_UNUSED_FUNCTION = YES;
				GCC_WARN_UNUSED_VARIABLE = YES;
				IPHONEOS_DEPLOYMENT_TARGET = 12.0;
				MTL_ENABLE_DEBUG_INFO = NO;
				MTL_FAST_MATH = YES;
				SDKROOT = iphoneos;
				SWIFT_COMPILATION_MODE = wholemodule;
				SWIFT_OPTIMIZATION_LEVEL = "-O";
				VALIDATE_PRODUCT = YES;
			};
			name = Release;
		};
		59A442132162629900105693 /* Debug */ = {
			isa = XCBuildConfiguration;
			buildSettings = {
				ASSETCATALOG_COMPILER_APPICON_NAME = AppIcon;
				CODE_SIGN_STYLE = Automatic;
				DEVELOPMENT_TEAM = PBSF2W8M72;
				INFOPLIST_FILE = testCatigery/Info.plist;
				LD_RUNPATH_SEARCH_PATHS = (
					"$(inherited)",
					"@executable_path/Frameworks",
				);
				PRODUCT_BUNDLE_IDENTIFIER = HW.testCatigery;
				PRODUCT_NAME = "$(TARGET_NAME)";
				SWIFT_VERSION = 4.2;
				TARGETED_DEVICE_FAMILY = "1,2";
			};
			name = Debug;
		};
		59A442142162629900105693 /* Release */ = {
			isa = XCBuildConfiguration;
			buildSettings = {
				ASSETCATALOG_COMPILER_APPICON_NAME = AppIcon;
				CODE_SIGN_STYLE = Automatic;
				DEVELOPMENT_TEAM = PBSF2W8M72;
				INFOPLIST_FILE = testCatigery/Info.plist;
				LD_RUNPATH_SEARCH_PATHS = (
					"$(inherited)",
					"@executable_path/Frameworks",
				);
				PRODUCT_BUNDLE_IDENTIFIER = HW.testCatigery;
				PRODUCT_NAME = "$(TARGET_NAME)";
				SWIFT_VERSION = 4.2;
				TARGETED_DEVICE_FAMILY = "1,2";
			};
			name = Release;
		};
		59A442162162629900105693 /* Debug */ = {
			isa = XCBuildConfiguration;
			buildSettings = {
				ALWAYS_EMBED_SWIFT_STANDARD_LIBRARIES = YES;
				BUNDLE_LOADER = "$(TEST_HOST)";
				CODE_SIGN_STYLE = Automatic;
				DEVELOPMENT_TEAM = PBSF2W8M72;
				INFOPLIST_FILE = testCatigeryTests/Info.plist;
				LD_RUNPATH_SEARCH_PATHS = (
					"$(inherited)",
					"@executable_path/Frameworks",
					"@loader_path/Frameworks",
				);
				PRODUCT_BUNDLE_IDENTIFIER = HW.testCatigeryTests;
				PRODUCT_NAME = "$(TARGET_NAME)";
				SWIFT_VERSION = 4.2;
				TARGETED_DEVICE_FAMILY = "1,2";
				TEST_HOST = "$(BUILT_PRODUCTS_DIR)/testCatigery.app/testCatigery";
			};
			name = Debug;
		};
		59A442172162629900105693 /* Release */ = {
			isa = XCBuildConfiguration;
			buildSettings = {
				ALWAYS_EMBED_SWIFT_STANDARD_LIBRARIES = YES;
				BUNDLE_LOADER = "$(TEST_HOST)";
				CODE_SIGN_STYLE = Automatic;
				DEVELOPMENT_TEAM = PBSF2W8M72;
				INFOPLIST_FILE = testCatigeryTests/Info.plist;
				LD_RUNPATH_SEARCH_PATHS = (
					"$(inherited)",
					"@executable_path/Frameworks",
					"@loader_path/Frameworks",
				);
				PRODUCT_BUNDLE_IDENTIFIER = HW.testCatigeryTests;
				PRODUCT_NAME = "$(TARGET_NAME)";
				SWIFT_VERSION = 4.2;
				TARGETED_DEVICE_FAMILY = "1,2";
				TEST_HOST = "$(BUILT_PRODUCTS_DIR)/testCatigery.app/testCatigery";
			};
			name = Release;
		};
		59A442192162629900105693 /* Debug */ = {
			isa = XCBuildConfiguration;
			buildSettings = {
				ALWAYS_EMBED_SWIFT_STANDARD_LIBRARIES = YES;
				CODE_SIGN_STYLE = Automatic;
				DEVELOPMENT_TEAM = PBSF2W8M72;
				INFOPLIST_FILE = testCatigeryUITests/Info.plist;
				LD_RUNPATH_SEARCH_PATHS = (
					"$(inherited)",
					"@executable_path/Frameworks",
					"@loader_path/Frameworks",
				);
				PRODUCT_BUNDLE_IDENTIFIER = HW.testCatigeryUITests;
				PRODUCT_NAME = "$(TARGET_NAME)";
				SWIFT_VERSION = 4.2;
				TARGETED_DEVICE_FAMILY = "1,2";
				TEST_TARGET_NAME = testCatigery;
			};
			name = Debug;
		};
		59A4421A2162629900105693 /* Release */ = {
			isa = XCBuildConfiguration;
			buildSettings = {
				ALWAYS_EMBED_SWIFT_STANDARD_LIBRARIES = YES;
				CODE_SIGN_STYLE = Automatic;
				DEVELOPMENT_TEAM = PBSF2W8M72;
				INFOPLIST_FILE = testCatigeryUITests/Info.plist;
				LD_RUNPATH_SEARCH_PATHS = (
					"$(inherited)",
					"@executable_path/Frameworks",
					"@loader_path/Frameworks",
				);
				PRODUCT_BUNDLE_IDENTIFIER = HW.testCatigeryUITests;
				PRODUCT_NAME = "$(TARGET_NAME)";
				SWIFT_VERSION = 4.2;
				TARGETED_DEVICE_FAMILY = "1,2";
				TEST_TARGET_NAME = testCatigery;
			};
			name = Release;
		};
/* End XCBuildConfiguration section */

/* Begin XCConfigurationList section */
		59A441E52162628A00105693 /* Build configuration list for PBXProject "testCatigery" */ = {
			isa = XCConfigurationList;
			buildConfigurations = (
				59A442102162629900105693 /* Debug */,
				59A442112162629900105693 /* Release */,
			);
			defaultConfigurationIsVisible = 0;
			defaultConfigurationName = Release;
		};
		59A442122162629900105693 /* Build configuration list for PBXNativeTarget "testCatigery" */ = {
			isa = XCConfigurationList;
			buildConfigurations = (
				59A442132162629900105693 /* Debug */,
				59A442142162629900105693 /* Release */,
			);
			defaultConfigurationIsVisible = 0;
			defaultConfigurationName = Release;
		};
		59A442152162629900105693 /* Build configuration list for PBXNativeTarget "testCatigeryTests" */ = {
			isa = XCConfigurationList;
			buildConfigurations = (
				59A442162162629900105693 /* Debug */,
				59A442172162629900105693 /* Release */,
			);
			defaultConfigurationIsVisible = 0;
			defaultConfigurationName = Release;
		};
		59A442182162629900105693 /* Build configuration list for PBXNativeTarget "testCatigeryUITests" */ = {
			isa = XCConfigurationList;
			buildConfigurations = (
				59A442192162629900105693 /* Debug */,
				59A4421A2162629900105693 /* Release */,
			);
			defaultConfigurationIsVisible = 0;
			defaultConfigurationName = Release;
		};
/* End XCConfigurationList section */
	};
	rootObject = 59A441E22162628A00105693 /* Project object */;
}
